// !$*UTF8*$!
{
	archiveVersion = 1;
	classes = {
	};
	objectVersion = 46;
	objects = {

/* Begin PBXBuildFile section */
		32297EFB1F6378B70061AE32 /* RedditEntryTableViewCell.swift in Sources */ = {isa = PBXBuildFile; fileRef = 32297EFA1F6378B70061AE32 /* RedditEntryTableViewCell.swift */; };
		32297EFC1F6378B70061AE32 /* RedditEntryTableViewCell.swift in Sources */ = {isa = PBXBuildFile; fileRef = 32297EFA1F6378B70061AE32 /* RedditEntryTableViewCell.swift */; };
		32297EFD1F6378B70061AE32 /* RedditEntryTableViewCell.swift in Sources */ = {isa = PBXBuildFile; fileRef = 32297EFA1F6378B70061AE32 /* RedditEntryTableViewCell.swift */; };
		3261A3FF1F630E3700B52C39 /* RedditEntry.swift in Sources */ = {isa = PBXBuildFile; fileRef = 3261A3FE1F630E3700B52C39 /* RedditEntry.swift */; };
		3261A4001F630E3700B52C39 /* RedditEntry.swift in Sources */ = {isa = PBXBuildFile; fileRef = 3261A3FE1F630E3700B52C39 /* RedditEntry.swift */; };
		3261A4011F630E3700B52C39 /* RedditEntry.swift in Sources */ = {isa = PBXBuildFile; fileRef = 3261A3FE1F630E3700B52C39 /* RedditEntry.swift */; };
		32922BF61F66078A00130767 /* Reddit_Logo.png in Resources */ = {isa = PBXBuildFile; fileRef = 32922BF51F66078A00130767 /* Reddit_Logo.png */; };
		32922BF71F66078A00130767 /* Reddit_Logo.png in Resources */ = {isa = PBXBuildFile; fileRef = 32922BF51F66078A00130767 /* Reddit_Logo.png */; };
		32922BF81F66078A00130767 /* Reddit_Logo.png in Resources */ = {isa = PBXBuildFile; fileRef = 32922BF51F66078A00130767 /* Reddit_Logo.png */; };
		32A47BA41F620232005AA5D2 /* AppDelegate.swift in Sources */ = {isa = PBXBuildFile; fileRef = 32A47BA31F620232005AA5D2 /* AppDelegate.swift */; };
		32A47BA61F620232005AA5D2 /* MasterViewController.swift in Sources */ = {isa = PBXBuildFile; fileRef = 32A47BA51F620232005AA5D2 /* MasterViewController.swift */; };
		32A47BA81F620232005AA5D2 /* DetailViewController.swift in Sources */ = {isa = PBXBuildFile; fileRef = 32A47BA71F620232005AA5D2 /* DetailViewController.swift */; };
		32A47BAB1F620232005AA5D2 /* Main.storyboard in Resources */ = {isa = PBXBuildFile; fileRef = 32A47BA91F620232005AA5D2 /* Main.storyboard */; };
		32A47BAD1F620232005AA5D2 /* Assets.xcassets in Resources */ = {isa = PBXBuildFile; fileRef = 32A47BAC1F620232005AA5D2 /* Assets.xcassets */; };
		32A47BB01F620232005AA5D2 /* LaunchScreen.storyboard in Resources */ = {isa = PBXBuildFile; fileRef = 32A47BAE1F620232005AA5D2 /* LaunchScreen.storyboard */; };
		32A47BBB1F620232005AA5D2 /* Reddit_TopTests.swift in Sources */ = {isa = PBXBuildFile; fileRef = 32A47BBA1F620232005AA5D2 /* Reddit_TopTests.swift */; };
		32A47BC61F620232005AA5D2 /* Reddit_TopUITests.swift in Sources */ = {isa = PBXBuildFile; fileRef = 32A47BC51F620232005AA5D2 /* Reddit_TopUITests.swift */; };
		32A47BD41F6202EB005AA5D2 /* RedditManager.swift in Sources */ = {isa = PBXBuildFile; fileRef = 32A47BD31F6202EA005AA5D2 /* RedditManager.swift */; };
		32A47BD51F6202EB005AA5D2 /* RedditManager.swift in Sources */ = {isa = PBXBuildFile; fileRef = 32A47BD31F6202EA005AA5D2 /* RedditManager.swift */; };
		32A47BD61F6202EB005AA5D2 /* RedditManager.swift in Sources */ = {isa = PBXBuildFile; fileRef = 32A47BD31F6202EA005AA5D2 /* RedditManager.swift */; };
/* End PBXBuildFile section */

/* Begin PBXContainerItemProxy section */
		32A47BB71F620232005AA5D2 /* PBXContainerItemProxy */ = {
			isa = PBXContainerItemProxy;
			containerPortal = 32A47B981F620232005AA5D2 /* Project object */;
			proxyType = 1;
			remoteGlobalIDString = 32A47B9F1F620232005AA5D2;
			remoteInfo = "Reddit Top";
		};
		32A47BC21F620232005AA5D2 /* PBXContainerItemProxy */ = {
			isa = PBXContainerItemProxy;
			containerPortal = 32A47B981F620232005AA5D2 /* Project object */;
			proxyType = 1;
			remoteGlobalIDString = 32A47B9F1F620232005AA5D2;
			remoteInfo = "Reddit Top";
		};
/* End PBXContainerItemProxy section */

/* Begin PBXFileReference section */
		32297EFA1F6378B70061AE32 /* RedditEntryTableViewCell.swift */ = {isa = PBXFileReference; fileEncoding = 4; lastKnownFileType = sourcecode.swift; path = RedditEntryTableViewCell.swift; sourceTree = "<group>"; };
		3261A3FE1F630E3700B52C39 /* RedditEntry.swift */ = {isa = PBXFileReference; fileEncoding = 4; lastKnownFileType = sourcecode.swift; path = RedditEntry.swift; sourceTree = "<group>"; };
		32922BF51F66078A00130767 /* Reddit_Logo.png */ = {isa = PBXFileReference; lastKnownFileType = image.png; path = Reddit_Logo.png; sourceTree = "<group>"; };
		32A47BA01F620232005AA5D2 /* Reddit Top.app */ = {isa = PBXFileReference; explicitFileType = wrapper.application; includeInIndex = 0; path = "Reddit Top.app"; sourceTree = BUILT_PRODUCTS_DIR; };
		32A47BA31F620232005AA5D2 /* AppDelegate.swift */ = {isa = PBXFileReference; lastKnownFileType = sourcecode.swift; path = AppDelegate.swift; sourceTree = "<group>"; };
		32A47BA51F620232005AA5D2 /* MasterViewController.swift */ = {isa = PBXFileReference; lastKnownFileType = sourcecode.swift; path = MasterViewController.swift; sourceTree = "<group>"; };
		32A47BA71F620232005AA5D2 /* DetailViewController.swift */ = {isa = PBXFileReference; lastKnownFileType = sourcecode.swift; path = DetailViewController.swift; sourceTree = "<group>"; };
		32A47BAA1F620232005AA5D2 /* Base */ = {isa = PBXFileReference; lastKnownFileType = file.storyboard; name = Base; path = Base.lproj/Main.storyboard; sourceTree = "<group>"; };
		32A47BAC1F620232005AA5D2 /* Assets.xcassets */ = {isa = PBXFileReference; lastKnownFileType = folder.assetcatalog; path = Assets.xcassets; sourceTree = "<group>"; };
		32A47BAF1F620232005AA5D2 /* Base */ = {isa = PBXFileReference; lastKnownFileType = file.storyboard; name = Base; path = Base.lproj/LaunchScreen.storyboard; sourceTree = "<group>"; };
		32A47BB11F620232005AA5D2 /* Info.plist */ = {isa = PBXFileReference; lastKnownFileType = text.plist.xml; path = Info.plist; sourceTree = "<group>"; };
		32A47BB61F620232005AA5D2 /* Reddit TopTests.xctest */ = {isa = PBXFileReference; explicitFileType = wrapper.cfbundle; includeInIndex = 0; path = "Reddit TopTests.xctest"; sourceTree = BUILT_PRODUCTS_DIR; };
		32A47BBA1F620232005AA5D2 /* Reddit_TopTests.swift */ = {isa = PBXFileReference; lastKnownFileType = sourcecode.swift; path = Reddit_TopTests.swift; sourceTree = "<group>"; };
		32A47BBC1F620232005AA5D2 /* Info.plist */ = {isa = PBXFileReference; lastKnownFileType = text.plist.xml; path = Info.plist; sourceTree = "<group>"; };
		32A47BC11F620232005AA5D2 /* Reddit TopUITests.xctest */ = {isa = PBXFileReference; explicitFileType = wrapper.cfbundle; includeInIndex = 0; path = "Reddit TopUITests.xctest"; sourceTree = BUILT_PRODUCTS_DIR; };
		32A47BC51F620232005AA5D2 /* Reddit_TopUITests.swift */ = {isa = PBXFileReference; lastKnownFileType = sourcecode.swift; path = Reddit_TopUITests.swift; sourceTree = "<group>"; };
		32A47BC71F620232005AA5D2 /* Info.plist */ = {isa = PBXFileReference; lastKnownFileType = text.plist.xml; path = Info.plist; sourceTree = "<group>"; };
		32A47BD31F6202EA005AA5D2 /* RedditManager.swift */ = {isa = PBXFileReference; fileEncoding = 4; lastKnownFileType = sourcecode.swift; path = RedditManager.swift; sourceTree = "<group>"; };
/* End PBXFileReference section */

/* Begin PBXFrameworksBuildPhase section */
		32A47B9D1F620232005AA5D2 /* Frameworks */ = {
			isa = PBXFrameworksBuildPhase;
			buildActionMask = 2147483647;
			files = (
			);
			runOnlyForDeploymentPostprocessing = 0;
		};
		32A47BB31F620232005AA5D2 /* Frameworks */ = {
			isa = PBXFrameworksBuildPhase;
			buildActionMask = 2147483647;
			files = (
			);
			runOnlyForDeploymentPostprocessing = 0;
		};
		32A47BBE1F620232005AA5D2 /* Frameworks */ = {
			isa = PBXFrameworksBuildPhase;
			buildActionMask = 2147483647;
			files = (
			);
			runOnlyForDeploymentPostprocessing = 0;
		};
/* End PBXFrameworksBuildPhase section */

/* Begin PBXGroup section */
		32A47B971F620232005AA5D2 = {
			isa = PBXGroup;
			children = (
				32A47BA21F620232005AA5D2 /* Reddit Top */,
				32A47BB91F620232005AA5D2 /* Reddit TopTests */,
				32A47BC41F620232005AA5D2 /* Reddit TopUITests */,
				32A47BA11F620232005AA5D2 /* Products */,
			);
			sourceTree = "<group>";
		};
		32A47BA11F620232005AA5D2 /* Products */ = {
			isa = PBXGroup;
			children = (
				32A47BA01F620232005AA5D2 /* Reddit Top.app */,
				32A47BB61F620232005AA5D2 /* Reddit TopTests.xctest */,
				32A47BC11F620232005AA5D2 /* Reddit TopUITests.xctest */,
			);
			name = Products;
			sourceTree = "<group>";
		};
		32A47BA21F620232005AA5D2 /* Reddit Top */ = {
			isa = PBXGroup;
			children = (
				32A47BA31F620232005AA5D2 /* AppDelegate.swift */,
				32A47BA51F620232005AA5D2 /* MasterViewController.swift */,
				32A47BA71F620232005AA5D2 /* DetailViewController.swift */,
				32297EFA1F6378B70061AE32 /* RedditEntryTableViewCell.swift */,
				32A47BD31F6202EA005AA5D2 /* RedditManager.swift */,
				3261A3FE1F630E3700B52C39 /* RedditEntry.swift */,
				32A47BA91F620232005AA5D2 /* Main.storyboard */,
				32A47BAC1F620232005AA5D2 /* Assets.xcassets */,
				32A47BAE1F620232005AA5D2 /* LaunchScreen.storyboard */,
				32A47BB11F620232005AA5D2 /* Info.plist */,
				32922BF51F66078A00130767 /* Reddit_Logo.png */,
			);
			path = "Reddit Top";
			sourceTree = "<group>";
		};
		32A47BB91F620232005AA5D2 /* Reddit TopTests */ = {
			isa = PBXGroup;
			children = (
				32A47BBA1F620232005AA5D2 /* Reddit_TopTests.swift */,
				32A47BBC1F620232005AA5D2 /* Info.plist */,
			);
			path = "Reddit TopTests";
			sourceTree = "<group>";
		};
		32A47BC41F620232005AA5D2 /* Reddit TopUITests */ = {
			isa = PBXGroup;
			children = (
				32A47BC51F620232005AA5D2 /* Reddit_TopUITests.swift */,
				32A47BC71F620232005AA5D2 /* Info.plist */,
			);
			path = "Reddit TopUITests";
			sourceTree = "<group>";
		};
/* End PBXGroup section */

/* Begin PBXNativeTarget section */
		32A47B9F1F620232005AA5D2 /* Reddit Top */ = {
			isa = PBXNativeTarget;
			buildConfigurationList = 32A47BCA1F620232005AA5D2 /* Build configuration list for PBXNativeTarget "Reddit Top" */;
			buildPhases = (
				32A47B9C1F620232005AA5D2 /* Sources */,
				32A47B9D1F620232005AA5D2 /* Frameworks */,
				32A47B9E1F620232005AA5D2 /* Resources */,
			);
			buildRules = (
			);
			dependencies = (
			);
			name = "Reddit Top";
			productName = "Reddit Top";
			productReference = 32A47BA01F620232005AA5D2 /* Reddit Top.app */;
			productType = "com.apple.product-type.application";
		};
		32A47BB51F620232005AA5D2 /* Reddit TopTests */ = {
			isa = PBXNativeTarget;
			buildConfigurationList = 32A47BCD1F620232005AA5D2 /* Build configuration list for PBXNativeTarget "Reddit TopTests" */;
			buildPhases = (
				32A47BB21F620232005AA5D2 /* Sources */,
				32A47BB31F620232005AA5D2 /* Frameworks */,
				32A47BB41F620232005AA5D2 /* Resources */,
			);
			buildRules = (
			);
			dependencies = (
				32A47BB81F620232005AA5D2 /* PBXTargetDependency */,
			);
			name = "Reddit TopTests";
			productName = "Reddit TopTests";
			productReference = 32A47BB61F620232005AA5D2 /* Reddit TopTests.xctest */;
			productType = "com.apple.product-type.bundle.unit-test";
		};
		32A47BC01F620232005AA5D2 /* Reddit TopUITests */ = {
			isa = PBXNativeTarget;
			buildConfigurationList = 32A47BD01F620232005AA5D2 /* Build configuration list for PBXNativeTarget "Reddit TopUITests" */;
			buildPhases = (
				32A47BBD1F620232005AA5D2 /* Sources */,
				32A47BBE1F620232005AA5D2 /* Frameworks */,
				32A47BBF1F620232005AA5D2 /* Resources */,
			);
			buildRules = (
			);
			dependencies = (
				32A47BC31F620232005AA5D2 /* PBXTargetDependency */,
			);
			name = "Reddit TopUITests";
			productName = "Reddit TopUITests";
			productReference = 32A47BC11F620232005AA5D2 /* Reddit TopUITests.xctest */;
			productType = "com.apple.product-type.bundle.ui-testing";
		};
/* End PBXNativeTarget section */

/* Begin PBXProject section */
		32A47B981F620232005AA5D2 /* Project object */ = {
			isa = PBXProject;
			attributes = {
				LastSwiftUpdateCheck = 0830;
				LastUpgradeCheck = 0830;
				ORGANIZATIONNAME = Proviz;
				TargetAttributes = {
					32A47B9F1F620232005AA5D2 = {
						CreatedOnToolsVersion = 8.3.3;
						DevelopmentTeam = PTTH5CA9BL;
						ProvisioningStyle = Automatic;
					};
					32A47BB51F620232005AA5D2 = {
						CreatedOnToolsVersion = 8.3.3;
						DevelopmentTeam = PTTH5CA9BL;
						ProvisioningStyle = Automatic;
						TestTargetID = 32A47B9F1F620232005AA5D2;
					};
					32A47BC01F620232005AA5D2 = {
						CreatedOnToolsVersion = 8.3.3;
						DevelopmentTeam = PTTH5CA9BL;
						ProvisioningStyle = Automatic;
						TestTargetID = 32A47B9F1F620232005AA5D2;
					};
				};
			};
			buildConfigurationList = 32A47B9B1F620232005AA5D2 /* Build configuration list for PBXProject "Reddit Top" */;
			compatibilityVersion = "Xcode 3.2";
			developmentRegion = English;
			hasScannedForEncodings = 0;
			knownRegions = (
				en,
				Base,
			);
			mainGroup = 32A47B971F620232005AA5D2;
			productRefGroup = 32A47BA11F620232005AA5D2 /* Products */;
			projectDirPath = "";
			projectRoot = "";
			targets = (
				32A47B9F1F620232005AA5D2 /* Reddit Top */,
				32A47BB51F620232005AA5D2 /* Reddit TopTests */,
				32A47BC01F620232005AA5D2 /* Reddit TopUITests */,
			);
		};
/* End PBXProject section */

/* Begin PBXResourcesBuildPhase section */
		32A47B9E1F620232005AA5D2 /* Resources */ = {
			isa = PBXResourcesBuildPhase;
			buildActionMask = 2147483647;
			files = (
				32A47BB01F620232005AA5D2 /* LaunchScreen.storyboard in Resources */,
				32A47BAD1F620232005AA5D2 /* Assets.xcassets in Resources */,
				32922BF61F66078A00130767 /* Reddit_Logo.png in Resources */,
				32A47BAB1F620232005AA5D2 /* Main.storyboard in Resources */,
			);
			runOnlyForDeploymentPostprocessing = 0;
		};
		32A47BB41F620232005AA5D2 /* Resources */ = {
			isa = PBXResourcesBuildPhase;
			buildActionMask = 2147483647;
			files = (
				32922BF71F66078A00130767 /* Reddit_Logo.png in Resources */,
			);
			runOnlyForDeploymentPostprocessing = 0;
		};
		32A47BBF1F620232005AA5D2 /* Resources */ = {
			isa = PBXResourcesBuildPhase;
			buildActionMask = 2147483647;
			files = (
				32922BF81F66078A00130767 /* Reddit_Logo.png in Resources */,
			);
			runOnlyForDeploymentPostprocessing = 0;
		};
/* End PBXResourcesBuildPhase section */

/* Begin PBXSourcesBuildPhase section */
		32A47B9C1F620232005AA5D2 /* Sources */ = {
			isa = PBXSourcesBuildPhase;
			buildActionMask = 2147483647;
			files = (
				32A47BA81F620232005AA5D2 /* DetailViewController.swift in Sources */,
				32A47BD41F6202EB005AA5D2 /* RedditManager.swift in Sources */,
				32297EFB1F6378B70061AE32 /* RedditEntryTableViewCell.swift in Sources */,
				32A47BA61F620232005AA5D2 /* MasterViewController.swift in Sources */,
				32A47BA41F620232005AA5D2 /* AppDelegate.swift in Sources */,
				3261A3FF1F630E3700B52C39 /* RedditEntry.swift in Sources */,
			);
			runOnlyForDeploymentPostprocessing = 0;
		};
		32A47BB21F620232005AA5D2 /* Sources */ = {
			isa = PBXSourcesBuildPhase;
			buildActionMask = 2147483647;
			files = (
				32A47BBB1F620232005AA5D2 /* Reddit_TopTests.swift in Sources */,
				3261A4001F630E3700B52C39 /* RedditEntry.swift in Sources */,
				32297EFC1F6378B70061AE32 /* RedditEntryTableViewCell.swift in Sources */,
				32A47BD51F6202EB005AA5D2 /* RedditManager.swift in Sources */,
			);
			runOnlyForDeploymentPostprocessing = 0;
		};
		32A47BBD1F620232005AA5D2 /* Sources */ = {
			isa = PBXSourcesBuildPhase;
			buildActionMask = 2147483647;
			files = (
				32A47BC61F620232005AA5D2 /* Reddit_TopUITests.swift in Sources */,
				3261A4011F630E3700B52C39 /* RedditEntry.swift in Sources */,
				32297EFD1F6378B70061AE32 /* RedditEntryTableViewCell.swift in Sources */,
				32A47BD61F6202EB005AA5D2 /* RedditManager.swift in Sources */,
			);
			runOnlyForDeploymentPostprocessing = 0;
		};
/* End PBXSourcesBuildPhase section */

/* Begin PBXTargetDependency section */
		32A47BB81F620232005AA5D2 /* PBXTargetDependency */ = {
			isa = PBXTargetDependency;
			target = 32A47B9F1F620232005AA5D2 /* Reddit Top */;
			targetProxy = 32A47BB71F620232005AA5D2 /* PBXContainerItemProxy */;
		};
		32A47BC31F620232005AA5D2 /* PBXTargetDependency */ = {
			isa = PBXTargetDependency;
			target = 32A47B9F1F620232005AA5D2 /* Reddit Top */;
			targetProxy = 32A47BC21F620232005AA5D2 /* PBXContainerItemProxy */;
		};
/* End PBXTargetDependency section */

/* Begin PBXVariantGroup section */
		32A47BA91F620232005AA5D2 /* Main.storyboard */ = {
			isa = PBXVariantGroup;
			children = (
				32A47BAA1F620232005AA5D2 /* Base */,
			);
			name = Main.storyboard;
			sourceTree = "<group>";
		};
		32A47BAE1F620232005AA5D2 /* LaunchScreen.storyboard */ = {
			isa = PBXVariantGroup;
			children = (
				32A47BAF1F620232005AA5D2 /* Base */,
			);
			name = LaunchScreen.storyboard;
			sourceTree = "<group>";
		};
/* End PBXVariantGroup section */

/* Begin XCBuildConfiguration section */
		32A47BC81F620232005AA5D2 /* Debug */ = {
			isa = XCBuildConfiguration;
			buildSettings = {
				ALWAYS_SEARCH_USER_PATHS = NO;
				CLANG_ANALYZER_NONNULL = YES;
				CLANG_ANALYZER_NUMBER_OBJECT_CONVERSION = YES_AGGRESSIVE;
				CLANG_CXX_LANGUAGE_STANDARD = "gnu++0x";
				CLANG_CXX_LIBRARY = "libc++";
				CLANG_ENABLE_MODULES = YES;
				CLANG_ENABLE_OBJC_ARC = YES;
				CLANG_WARN_BOOL_CONVERSION = YES;
				CLANG_WARN_CONSTANT_CONVERSION = YES;
				CLANG_WARN_DIRECT_OBJC_ISA_USAGE = YES_ERROR;
				CLANG_WARN_DOCUMENTATION_COMMENTS = YES;
				CLANG_WARN_EMPTY_BODY = YES;
				CLANG_WARN_ENUM_CONVERSION = YES;
				CLANG_WARN_INFINITE_RECURSION = YES;
				CLANG_WARN_INT_CONVERSION = YES;
				CLANG_WARN_OBJC_ROOT_CLASS = YES_ERROR;
				CLANG_WARN_SUSPICIOUS_MOVE = YES;
				CLANG_WARN_UNREACHABLE_CODE = YES;
				CLANG_WARN__DUPLICATE_METHOD_MATCH = YES;
				"CODE_SIGN_IDENTITY[sdk=iphoneos*]" = "iPhone Developer";
				COPY_PHASE_STRIP = NO;
				DEBUG_INFORMATION_FORMAT = dwarf;
				ENABLE_STRICT_OBJC_MSGSEND = YES;
				ENABLE_TESTABILITY = YES;
				GCC_C_LANGUAGE_STANDARD = gnu99;
				GCC_DYNAMIC_NO_PIC = NO;
				GCC_NO_COMMON_BLOCKS = YES;
				GCC_OPTIMIZATION_LEVEL = 0;
				GCC_PREPROCESSOR_DEFINITIONS = (
					"DEBUG=1",
					"$(inherited)",
				);
				GCC_WARN_64_TO_32_BIT_CONVERSION = YES;
				GCC_WARN_ABOUT_RETURN_TYPE = YES_ERROR;
				GCC_WARN_UNDECLARED_SELECTOR = YES;
				GCC_WARN_UNINITIALIZED_AUTOS = YES_AGGRESSIVE;
				GCC_WARN_UNUSED_FUNCTION = YES;
				GCC_WARN_UNUSED_VARIABLE = YES;
				IPHONEOS_DEPLOYMENT_TARGET = 10.3;
				MTL_ENABLE_DEBUG_INFO = YES;
				ONLY_ACTIVE_ARCH = YES;
				SDKROOT = iphoneos;
				SWIFT_ACTIVE_COMPILATION_CONDITIONS = DEBUG;
				SWIFT_OPTIMIZATION_LEVEL = "-Onone";
			};
			name = Debug;
		};
		32A47BC91F620232005AA5D2 /* Release */ = {
			isa = XCBuildConfiguration;
			buildSettings = {
				ALWAYS_SEARCH_USER_PATHS = NO;
				CLANG_ANALYZER_NONNULL = YES;
				CLANG_ANALYZER_NUMBER_OBJECT_CONVERSION = YES_AGGRESSIVE;
				CLANG_CXX_LANGUAGE_STANDARD = "gnu++0x";
				CLANG_CXX_LIBRARY = "libc++";
				CLANG_ENABLE_MODULES = YES;
				CLANG_ENABLE_OBJC_ARC = YES;
				CLANG_WARN_BOOL_CONVERSION = YES;
				CLANG_WARN_CONSTANT_CONVERSION = YES;
				CLANG_WARN_DIRECT_OBJC_ISA_USAGE = YES_ERROR;
				CLANG_WARN_DOCUMENTATION_COMMENTS = YES;
				CLANG_WARN_EMPTY_BODY = YES;
				CLANG_WARN_ENUM_CONVERSION = YES;
				CLANG_WARN_INFINITE_RECURSION = YES;
				CLANG_WARN_INT_CONVERSION = YES;
				CLANG_WARN_OBJC_ROOT_CLASS = YES_ERROR;
				CLANG_WARN_SUSPICIOUS_MOVE = YES;
				CLANG_WARN_UNREACHABLE_CODE = YES;
				CLANG_WARN__DUPLICATE_METHOD_MATCH = YES;
				"CODE_SIGN_IDENTITY[sdk=iphoneos*]" = "iPhone Developer";
				COPY_PHASE_STRIP = NO;
				DEBUG_INFORMATION_FORMAT = "dwarf-with-dsym";
				ENABLE_NS_ASSERTIONS = NO;
				ENABLE_STRICT_OBJC_MSGSEND = YES;
				GCC_C_LANGUAGE_STANDARD = gnu99;
				GCC_NO_COMMON_BLOCKS = YES;
				GCC_WARN_64_TO_32_BIT_CONVERSION = YES;
				GCC_WARN_ABOUT_RETURN_TYPE = YES_ERROR;
				GCC_WARN_UNDECLARED_SELECTOR = YES;
				GCC_WARN_UNINITIALIZED_AUTOS = YES_AGGRESSIVE;
				GCC_WARN_UNUSED_FUNCTION = YES;
				GCC_WARN_UNUSED_VARIABLE = YES;
				IPHONEOS_DEPLOYMENT_TARGET = 10.3;
				MTL_ENABLE_DEBUG_INFO = NO;
				SDKROOT = iphoneos;
				SWIFT_OPTIMIZATION_LEVEL = "-Owholemodule";
				VALIDATE_PRODUCT = YES;
			};
			name = Release;
		};
		32A47BCB1F620232005AA5D2 /* Debug */ = {
			isa = XCBuildConfiguration;
			buildSettings = {
				ASSETCATALOG_COMPILER_APPICON_NAME = AppIcon;
				DEVELOPMENT_TEAM = PTTH5CA9BL;
				INFOPLIST_FILE = "Reddit Top/Info.plist";
				LD_RUNPATH_SEARCH_PATHS = "$(inherited) @executable_path/Frameworks";
				PRODUCT_BUNDLE_IDENTIFIER = "com.proviz.Reddit-Top";
				PRODUCT_NAME = "$(TARGET_NAME)";
				SWIFT_VERSION = 3.0;
			};
			name = Debug;
		};
		32A47BCC1F620232005AA5D2 /* Release */ = {
			isa = XCBuildConfiguration;
			buildSettings = {
				ASSETCATALOG_COMPILER_APPICON_NAME = AppIcon;
				DEVELOPMENT_TEAM = PTTH5CA9BL;
				INFOPLIST_FILE = "Reddit Top/Info.plist";
				LD_RUNPATH_SEARCH_PATHS = "$(inherited) @executable_path/Frameworks";
				PRODUCT_BUNDLE_IDENTIFIER = "com.proviz.Reddit-Top";
				PRODUCT_NAME = "$(TARGET_NAME)";
				SWIFT_VERSION = 3.0;
			};
			name = Release;
		};
		32A47BCE1F620232005AA5D2 /* Debug */ = {
			isa = XCBuildConfiguration;
			buildSettings = {
				ALWAYS_EMBED_SWIFT_STANDARD_LIBRARIES = YES;
				BUNDLE_LOADER = "$(TEST_HOST)";
				DEVELOPMENT_TEAM = PTTH5CA9BL;
				INFOPLIST_FILE = "Reddit TopTests/Info.plist";
				LD_RUNPATH_SEARCH_PATHS = "$(inherited) @executable_path/Frameworks @loader_path/Frameworks";
				PRODUCT_BUNDLE_IDENTIFIER = "com.proviz.Reddit-TopTests";
				PRODUCT_NAME = "$(TARGET_NAME)";
				SWIFT_VERSION = 3.0;
				TEST_HOST = "$(BUILT_PRODUCTS_DIR)/Reddit Top.app/Reddit Top";
			};
			name = Debug;
		};
		32A47BCF1F620232005AA5D2 /* Release */ = {
			isa = XCBuildConfiguration;
			buildSettings = {
				ALWAYS_EMBED_SWIFT_STANDARD_LIBRARIES = YES;
				BUNDLE_LOADER = "$(TEST_HOST)";
				DEVELOPMENT_TEAM = PTTH5CA9BL;
				INFOPLIST_FILE = "Reddit TopTests/Info.plist";
				LD_RUNPATH_SEARCH_PATHS = "$(inherited) @executable_path/Frameworks @loader_path/Frameworks";
				PRODUCT_BUNDLE_IDENTIFIER = "com.proviz.Reddit-TopTests";
				PRODUCT_NAME = "$(TARGET_NAME)";
				SWIFT_VERSION = 3.0;
				TEST_HOST = "$(BUILT_PRODUCTS_DIR)/Reddit Top.app/Reddit Top";
			};
			name = Release;
		};
		32A47BD11F620232005AA5D2 /* Debug */ = {
			isa = XCBuildConfiguration;
			buildSettings = {
				ALWAYS_EMBED_SWIFT_STANDARD_LIBRARIES = YES;
				DEVELOPMENT_TEAM = PTTH5CA9BL;
				INFOPLIST_FILE = "Reddit TopUITests/Info.plist";
				LD_RUNPATH_SEARCH_PATHS = "$(inherited) @executable_path/Frameworks @loader_path/Frameworks";
				PRODUCT_BUNDLE_IDENTIFIER = "com.proviz.Reddit-TopUITests";
				PRODUCT_NAME = "$(TARGET_NAME)";
				SWIFT_VERSION = 3.0;
				TEST_TARGET_NAME = "Reddit Top";
			};
			name = Debug;
		};
		32A47BD21F620232005AA5D2 /* Release */ = {
			isa = XCBuildConfiguration;
			buildSettings = {
				ALWAYS_EMBED_SWIFT_STANDARD_LIBRARIES = YES;
				DEVELOPMENT_TEAM = PTTH5CA9BL;
				INFOPLIST_FILE = "Reddit TopUITests/Info.plist";
				LD_RUNPATH_SEARCH_PATHS = "$(inherited) @executable_path/Frameworks @loader_path/Frameworks";
				PRODUCT_BUNDLE_IDENTIFIER = "com.proviz.Reddit-TopUITests";
				PRODUCT_NAME = "$(TARGET_NAME)";
				SWIFT_VERSION = 3.0;
				TEST_TARGET_NAME = "Reddit Top";
			};
			name = Release;
		};
/* End XCBuildConfiguration section */

/* Begin XCConfigurationList section */
		32A47B9B1F620232005AA5D2 /* Build configuration list for PBXProject "Reddit Top" */ = {
			isa = XCConfigurationList;
			buildConfigurations = (
				32A47BC81F620232005AA5D2 /* Debug */,
				32A47BC91F620232005AA5D2 /* Release */,
			);
			defaultConfigurationIsVisible = 0;
			defaultConfigurationName = Release;
		};
		32A47BCA1F620232005AA5D2 /* Build configuration list for PBXNativeTarget "Reddit Top" */ = {
			isa = XCConfigurationList;
			buildConfigurations = (
				32A47BCB1F620232005AA5D2 /* Debug */,
				32A47BCC1F620232005AA5D2 /* Release */,
			);
			defaultConfigurationIsVisible = 0;
			defaultConfigurationName = Release;
		};
		32A47BCD1F620232005AA5D2 /* Build configuration list for PBXNativeTarget "Reddit TopTests" */ = {
			isa = XCConfigurationList;
			buildConfigurations = (
				32A47BCE1F620232005AA5D2 /* Debug */,
				32A47BCF1F620232005AA5D2 /* Release */,
			);
			defaultConfigurationIsVisible = 0;
			defaultConfigurationName = Release;
		};
		32A47BD01F620232005AA5D2 /* Build configuration list for PBXNativeTarget "Reddit TopUITests" */ = {
			isa = XCConfigurationList;
			buildConfigurations = (
				32A47BD11F620232005AA5D2 /* Debug */,
				32A47BD21F620232005AA5D2 /* Release */,
			);
			defaultConfigurationIsVisible = 0;
			defaultConfigurationName = Release;
		};
/* End XCConfigurationList section */
	};
	rootObject = 32A47B981F620232005AA5D2 /* Project object */;
}
